github.com/MicahParks/keyfunc v1.0.1 h1:BIKfiyELXV0A8SRCHQaByJW0s71xXpArhzfTS3uf26c=
github.com/MicahParks/keyfunc v1.0.1/go.mod h1:R8RZa27qn+5cHTfYLJ9/+7aSb5JIdz7cl0XFo0o4muo=
github.com/golang-jwt/jwt/v4 v4.1.0/go.mod h1:/xlHOz8bRuivTWchD4jCa+NbatV+wEUSzwAxVc6locg=
github.com/golang-jwt/jwt/v4 v4.4.0 h1:EmVIxB5jzbllGIjiCV5JG4VylbK3KE400tLGLI1cdfU=
github.com/golang-jwt/jwt/v4 v4.4.0/go.mod h1:/xlHOz8bRuivTWchD4jCa+NbatV+wEUSzwAxVc6locg=
